
Microsoft Visual Studio Solution File, Format Version 12.00
# Visual Studio Version 17
VisualStudioVersion = 17.2.32616.157
MinimumVisualStudioVersion = 10.0.40219.1
Project("{FAE04EC0-301F-11D3-BF4B-00C04F79EFBC}") = "TSMRPHelperConsoleEdition", "TSMRPHelperConsoleEdition\TSMRPHelperConsoleEdition.csproj", "{2936B995-3DBC-499A-8EF1-9B81A86D2850}"
EndProject
Global
	GlobalSection(SolutionConfigurationPlatforms) = preSolution
		Debug|Any CPU = Debug|Any CPU
		Release|Any CPU = Release|Any CPU
	EndGlobalSection
	GlobalSection(ProjectConfigurationPlatforms) = postSolution
		{2936B995-3DBC-499A-8EF1-9B81A86D2850}.Debug|Any CPU.ActiveCfg = Debug|Any CPU
		{2936B995-3DBC-499A-8EF1-9B81A86D2850}.Debug|Any CPU.Build.0 = Debug|Any CPU
		{2936B995-3DBC-499A-8EF1-9B81A86D2850}.Release|Any CPU.ActiveCfg = Release|Any CPU
		{2936B995-3DBC-499A-8EF1-9B81A86D2850}.Release|Any CPU.Build.0 = Release|Any CPU
	EndGlobalSection
	GlobalSection(SolutionProperties) = preSolution
		HideSolutionNode = FALSE
	EndGlobalSection
	GlobalSection(ExtensibilityGlobals) = postSolution
		SolutionGuid = {37A6D9F5-5913-4693-9208-72617DDDF7C0}
	EndGlobalSection
EndGlobal
